// !$*UTF8*$!
{
	archiveVersion = 1;
	classes = {
	};
	objectVersion = 50;
	objects = {

/* Begin PBXBuildFile section */
		005560CF371E6AC6C13E61C8 /* Pods_JU_Quiz_JU_QuizUITests.framework in Frameworks */ = {isa = PBXBuildFile; fileRef = 1336E48AE3D1FAF331895867 /* Pods_JU_Quiz_JU_QuizUITests.framework */; };
		2681AB765291ECF312D92A7B /* Pods_JU_Quiz.framework in Frameworks */ = {isa = PBXBuildFile; fileRef = 10DEBFA4B6B264C3A0DECBAE /* Pods_JU_Quiz.framework */; };
		523BF1A14D8B67D29E7AF290 /* Pods_JU_QuizTests.framework in Frameworks */ = {isa = PBXBuildFile; fileRef = E883CFC4CC71D99EFB79E2AD /* Pods_JU_QuizTests.framework */; };
		6C1431922555525200C40556 /* QuestionsResult.swift in Sources */ = {isa = PBXBuildFile; fileRef = 6C1431912555525200C40556 /* QuestionsResult.swift */; };
		6C14319825555C7400C40556 /* GameResult+CoreDataClass.swift in Sources */ = {isa = PBXBuildFile; fileRef = 6C14319625555C7400C40556 /* GameResult+CoreDataClass.swift */; };
		6C14319925555C7400C40556 /* GameResult+CoreDataProperties.swift in Sources */ = {isa = PBXBuildFile; fileRef = 6C14319725555C7400C40556 /* GameResult+CoreDataProperties.swift */; };
		6C14319E255560DF00C40556 /* HighscoreTableViewController.swift in Sources */ = {isa = PBXBuildFile; fileRef = 6C14319D255560DF00C40556 /* HighscoreTableViewController.swift */; };
		6C21C57A2542C7DB00229AAF /* AppDelegate.swift in Sources */ = {isa = PBXBuildFile; fileRef = 6C21C5792542C7DB00229AAF /* AppDelegate.swift */; };
		6C21C57C2542C7DB00229AAF /* SceneDelegate.swift in Sources */ = {isa = PBXBuildFile; fileRef = 6C21C57B2542C7DB00229AAF /* SceneDelegate.swift */; };
		6C21C5812542C7DB00229AAF /* Main.storyboard in Resources */ = {isa = PBXBuildFile; fileRef = 6C21C57F2542C7DB00229AAF /* Main.storyboard */; };
		6C21C5842542C7DB00229AAF /* JU_Quiz.xcdatamodeld in Sources */ = {isa = PBXBuildFile; fileRef = 6C21C5822542C7DB00229AAF /* JU_Quiz.xcdatamodeld */; };
		6C21C5862542C7DD00229AAF /* Assets.xcassets in Resources */ = {isa = PBXBuildFile; fileRef = 6C21C5852542C7DD00229AAF /* Assets.xcassets */; };
		6C21C5892542C7DD00229AAF /* LaunchScreen.storyboard in Resources */ = {isa = PBXBuildFile; fileRef = 6C21C5872542C7DD00229AAF /* LaunchScreen.storyboard */; };
		6C21C5942542C7DE00229AAF /* JU_QuizTests.swift in Sources */ = {isa = PBXBuildFile; fileRef = 6C21C5932542C7DE00229AAF /* JU_QuizTests.swift */; };
		6C21C59F2542C7DE00229AAF /* JU_QuizUITests.swift in Sources */ = {isa = PBXBuildFile; fileRef = 6C21C59E2542C7DE00229AAF /* JU_QuizUITests.swift */; };
		6C21C5B92542DB5600229AAF /* QuestionViewController.swift in Sources */ = {isa = PBXBuildFile; fileRef = 6C21C5B82542DB5600229AAF /* QuestionViewController.swift */; };
		6C51E032254C10A9007C873B /* ResultViewController.swift in Sources */ = {isa = PBXBuildFile; fileRef = 6C51E031254C10A9007C873B /* ResultViewController.swift */; };
		6C51E037254C1169007C873B /* ResultView.swift in Sources */ = {isa = PBXBuildFile; fileRef = 6C51E036254C1169007C873B /* ResultView.swift */; };
		6C51E050254C1D7A007C873B /* Question.swift in Sources */ = {isa = PBXBuildFile; fileRef = 6C51E04F254C1D7A007C873B /* Question.swift */; };
		6C51E055254C1FDB007C873B /* StartViewController.swift in Sources */ = {isa = PBXBuildFile; fileRef = 6C51E054254C1FDB007C873B /* StartViewController.swift */; };
		6C54B1AF255E6E4C005D3DE5 /* String+HtmlDecoding.swift in Sources */ = {isa = PBXBuildFile; fileRef = 6C54B1AE255E6E4C005D3DE5 /* String+HtmlDecoding.swift */; };
		6C54B1B4255E74DD005D3DE5 /* DatabaseManager.swift in Sources */ = {isa = PBXBuildFile; fileRef = 6C54B1B3255E74DD005D3DE5 /* DatabaseManager.swift */; };
		6C54B1B9255E76A4005D3DE5 /* GameResultDatabaseManager.swift in Sources */ = {isa = PBXBuildFile; fileRef = 6C54B1B8255E76A4005D3DE5 /* GameResultDatabaseManager.swift */; };
		6C54B1BE255E7ABC005D3DE5 /* ExampleScrollViewController.swift in Sources */ = {isa = PBXBuildFile; fileRef = 6C54B1BD255E7ABC005D3DE5 /* ExampleScrollViewController.swift */; };
		6C54B1C3255E82C6005D3DE5 /* TextScrollViewController.swift in Sources */ = {isa = PBXBuildFile; fileRef = 6C54B1C2255E82C6005D3DE5 /* TextScrollViewController.swift */; };
		6C54B1D3255E88BE005D3DE5 /* HtmlDecoderTests.swift in Sources */ = {isa = PBXBuildFile; fileRef = 6C54B1D2255E88BE005D3DE5 /* HtmlDecoderTests.swift */; };
		6C54B1DB255E9459005D3DE5 /* CameraViewController.swift in Sources */ = {isa = PBXBuildFile; fileRef = 6C54B1DA255E9459005D3DE5 /* CameraViewController.swift */; };
/* End PBXBuildFile section */

/* Begin PBXContainerItemProxy section */
		6C21C5902542C7DD00229AAF /* PBXContainerItemProxy */ = {
			isa = PBXContainerItemProxy;
			containerPortal = 6C21C56E2542C7DB00229AAF /* Project object */;
			proxyType = 1;
			remoteGlobalIDString = 6C21C5752542C7DB00229AAF;
			remoteInfo = "JU Quiz";
		};
		6C21C59B2542C7DE00229AAF /* PBXContainerItemProxy */ = {
			isa = PBXContainerItemProxy;
			containerPortal = 6C21C56E2542C7DB00229AAF /* Project object */;
			proxyType = 1;
			remoteGlobalIDString = 6C21C5752542C7DB00229AAF;
			remoteInfo = "JU Quiz";
		};
/* End PBXContainerItemProxy section */

/* Begin PBXFileReference section */
		0E122163215F4D660851A756 /* Pods-JU Quiz-JU QuizUITests.release.xcconfig */ = {isa = PBXFileReference; includeInIndex = 1; lastKnownFileType = text.xcconfig; name = "Pods-JU Quiz-JU QuizUITests.release.xcconfig"; path = "Target Support Files/Pods-JU Quiz-JU QuizUITests/Pods-JU Quiz-JU QuizUITests.release.xcconfig"; sourceTree = "<group>"; };
		10DEBFA4B6B264C3A0DECBAE /* Pods_JU_Quiz.framework */ = {isa = PBXFileReference; explicitFileType = wrapper.framework; includeInIndex = 0; path = Pods_JU_Quiz.framework; sourceTree = BUILT_PRODUCTS_DIR; };
		1336E48AE3D1FAF331895867 /* Pods_JU_Quiz_JU_QuizUITests.framework */ = {isa = PBXFileReference; explicitFileType = wrapper.framework; includeInIndex = 0; path = Pods_JU_Quiz_JU_QuizUITests.framework; sourceTree = BUILT_PRODUCTS_DIR; };
		6C1431912555525200C40556 /* QuestionsResult.swift */ = {isa = PBXFileReference; lastKnownFileType = sourcecode.swift; path = QuestionsResult.swift; sourceTree = "<group>"; };
		6C14319625555C7400C40556 /* GameResult+CoreDataClass.swift */ = {isa = PBXFileReference; lastKnownFileType = sourcecode.swift; path = "GameResult+CoreDataClass.swift"; sourceTree = "<group>"; };
		6C14319725555C7400C40556 /* GameResult+CoreDataProperties.swift */ = {isa = PBXFileReference; lastKnownFileType = sourcecode.swift; path = "GameResult+CoreDataProperties.swift"; sourceTree = "<group>"; };
		6C14319D255560DF00C40556 /* HighscoreTableViewController.swift */ = {isa = PBXFileReference; lastKnownFileType = sourcecode.swift; path = HighscoreTableViewController.swift; sourceTree = "<group>"; };
		6C21C5762542C7DB00229AAF /* JU Quiz.app */ = {isa = PBXFileReference; explicitFileType = wrapper.application; includeInIndex = 0; path = "JU Quiz.app"; sourceTree = BUILT_PRODUCTS_DIR; };
		6C21C5792542C7DB00229AAF /* AppDelegate.swift */ = {isa = PBXFileReference; lastKnownFileType = sourcecode.swift; path = AppDelegate.swift; sourceTree = "<group>"; };
		6C21C57B2542C7DB00229AAF /* SceneDelegate.swift */ = {isa = PBXFileReference; lastKnownFileType = sourcecode.swift; path = SceneDelegate.swift; sourceTree = "<group>"; };
		6C21C5802542C7DB00229AAF /* Base */ = {isa = PBXFileReference; lastKnownFileType = file.storyboard; name = Base; path = Base.lproj/Main.storyboard; sourceTree = "<group>"; };
		6C21C5832542C7DB00229AAF /* JU_Quiz.xcdatamodel */ = {isa = PBXFileReference; lastKnownFileType = wrapper.xcdatamodel; path = JU_Quiz.xcdatamodel; sourceTree = "<group>"; };
		6C21C5852542C7DD00229AAF /* Assets.xcassets */ = {isa = PBXFileReference; lastKnownFileType = folder.assetcatalog; path = Assets.xcassets; sourceTree = "<group>"; };
		6C21C5882542C7DD00229AAF /* Base */ = {isa = PBXFileReference; lastKnownFileType = file.storyboard; name = Base; path = Base.lproj/LaunchScreen.storyboard; sourceTree = "<group>"; };
		6C21C58A2542C7DD00229AAF /* Info.plist */ = {isa = PBXFileReference; lastKnownFileType = text.plist.xml; path = Info.plist; sourceTree = "<group>"; };
		6C21C58F2542C7DD00229AAF /* JU QuizTests.xctest */ = {isa = PBXFileReference; explicitFileType = wrapper.cfbundle; includeInIndex = 0; path = "JU QuizTests.xctest"; sourceTree = BUILT_PRODUCTS_DIR; };
		6C21C5932542C7DE00229AAF /* JU_QuizTests.swift */ = {isa = PBXFileReference; lastKnownFileType = sourcecode.swift; path = JU_QuizTests.swift; sourceTree = "<group>"; };
		6C21C5952542C7DE00229AAF /* Info.plist */ = {isa = PBXFileReference; lastKnownFileType = text.plist.xml; path = Info.plist; sourceTree = "<group>"; };
		6C21C59A2542C7DE00229AAF /* JU QuizUITests.xctest */ = {isa = PBXFileReference; explicitFileType = wrapper.cfbundle; includeInIndex = 0; path = "JU QuizUITests.xctest"; sourceTree = BUILT_PRODUCTS_DIR; };
		6C21C59E2542C7DE00229AAF /* JU_QuizUITests.swift */ = {isa = PBXFileReference; lastKnownFileType = sourcecode.swift; path = JU_QuizUITests.swift; sourceTree = "<group>"; };
		6C21C5A02542C7DE00229AAF /* Info.plist */ = {isa = PBXFileReference; lastKnownFileType = text.plist.xml; path = Info.plist; sourceTree = "<group>"; };
		6C21C5B82542DB5600229AAF /* QuestionViewController.swift */ = {isa = PBXFileReference; lastKnownFileType = sourcecode.swift; path = QuestionViewController.swift; sourceTree = "<group>"; };
		6C51E031254C10A9007C873B /* ResultViewController.swift */ = {isa = PBXFileReference; lastKnownFileType = sourcecode.swift; path = ResultViewController.swift; sourceTree = "<group>"; };
		6C51E036254C1169007C873B /* ResultView.swift */ = {isa = PBXFileReference; lastKnownFileType = sourcecode.swift; path = ResultView.swift; sourceTree = "<group>"; };
		6C51E04F254C1D7A007C873B /* Question.swift */ = {isa = PBXFileReference; lastKnownFileType = sourcecode.swift; path = Question.swift; sourceTree = "<group>"; };
		6C51E054254C1FDB007C873B /* StartViewController.swift */ = {isa = PBXFileReference; lastKnownFileType = sourcecode.swift; path = StartViewController.swift; sourceTree = "<group>"; };
		6C54B1AE255E6E4C005D3DE5 /* String+HtmlDecoding.swift */ = {isa = PBXFileReference; lastKnownFileType = sourcecode.swift; path = "String+HtmlDecoding.swift"; sourceTree = "<group>"; };
		6C54B1B3255E74DD005D3DE5 /* DatabaseManager.swift */ = {isa = PBXFileReference; lastKnownFileType = sourcecode.swift; path = DatabaseManager.swift; sourceTree = "<group>"; };
		6C54B1B8255E76A4005D3DE5 /* GameResultDatabaseManager.swift */ = {isa = PBXFileReference; lastKnownFileType = sourcecode.swift; path = GameResultDatabaseManager.swift; sourceTree = "<group>"; };
		6C54B1BD255E7ABC005D3DE5 /* ExampleScrollViewController.swift */ = {isa = PBXFileReference; lastKnownFileType = sourcecode.swift; path = ExampleScrollViewController.swift; sourceTree = "<group>"; };
		6C54B1C2255E82C6005D3DE5 /* TextScrollViewController.swift */ = {isa = PBXFileReference; lastKnownFileType = sourcecode.swift; path = TextScrollViewController.swift; sourceTree = "<group>"; };
		6C54B1D2255E88BE005D3DE5 /* HtmlDecoderTests.swift */ = {isa = PBXFileReference; lastKnownFileType = sourcecode.swift; path = HtmlDecoderTests.swift; sourceTree = "<group>"; };
		6C54B1DA255E9459005D3DE5 /* CameraViewController.swift */ = {isa = PBXFileReference; lastKnownFileType = sourcecode.swift; path = CameraViewController.swift; sourceTree = "<group>"; };
		72DD89671904F7D04CA4472C /* Pods-JU QuizTests.release.xcconfig */ = {isa = PBXFileReference; includeInIndex = 1; lastKnownFileType = text.xcconfig; name = "Pods-JU QuizTests.release.xcconfig"; path = "Target Support Files/Pods-JU QuizTests/Pods-JU QuizTests.release.xcconfig"; sourceTree = "<group>"; };
		745B2B6B234EAB4AA95B467D /* Pods-JU Quiz-JU QuizUITests.debug.xcconfig */ = {isa = PBXFileReference; includeInIndex = 1; lastKnownFileType = text.xcconfig; name = "Pods-JU Quiz-JU QuizUITests.debug.xcconfig"; path = "Target Support Files/Pods-JU Quiz-JU QuizUITests/Pods-JU Quiz-JU QuizUITests.debug.xcconfig"; sourceTree = "<group>"; };
		84EE6FD0109D66211A6EEA00 /* Pods-JU QuizTests.debug.xcconfig */ = {isa = PBXFileReference; includeInIndex = 1; lastKnownFileType = text.xcconfig; name = "Pods-JU QuizTests.debug.xcconfig"; path = "Target Support Files/Pods-JU QuizTests/Pods-JU QuizTests.debug.xcconfig"; sourceTree = "<group>"; };
		D4336395EB25D6EF5DCA6D6D /* Pods-JU Quiz.release.xcconfig */ = {isa = PBXFileReference; includeInIndex = 1; lastKnownFileType = text.xcconfig; name = "Pods-JU Quiz.release.xcconfig"; path = "Target Support Files/Pods-JU Quiz/Pods-JU Quiz.release.xcconfig"; sourceTree = "<group>"; };
		DEB6F9B95E164C493615D191 /* Pods-JU Quiz.debug.xcconfig */ = {isa = PBXFileReference; includeInIndex = 1; lastKnownFileType = text.xcconfig; name = "Pods-JU Quiz.debug.xcconfig"; path = "Target Support Files/Pods-JU Quiz/Pods-JU Quiz.debug.xcconfig"; sourceTree = "<group>"; };
		E883CFC4CC71D99EFB79E2AD /* Pods_JU_QuizTests.framework */ = {isa = PBXFileReference; explicitFileType = wrapper.framework; includeInIndex = 0; path = Pods_JU_QuizTests.framework; sourceTree = BUILT_PRODUCTS_DIR; };
/* End PBXFileReference section */

/* Begin PBXFrameworksBuildPhase section */
		6C21C5732542C7DB00229AAF /* Frameworks */ = {
			isa = PBXFrameworksBuildPhase;
			buildActionMask = 2147483647;
			files = (
				2681AB765291ECF312D92A7B /* Pods_JU_Quiz.framework in Frameworks */,
			);
			runOnlyForDeploymentPostprocessing = 0;
		};
		6C21C58C2542C7DD00229AAF /* Frameworks */ = {
			isa = PBXFrameworksBuildPhase;
			buildActionMask = 2147483647;
			files = (
				523BF1A14D8B67D29E7AF290 /* Pods_JU_QuizTests.framework in Frameworks */,
			);
			runOnlyForDeploymentPostprocessing = 0;
		};
		6C21C5972542C7DE00229AAF /* Frameworks */ = {
			isa = PBXFrameworksBuildPhase;
			buildActionMask = 2147483647;
			files = (
				005560CF371E6AC6C13E61C8 /* Pods_JU_Quiz_JU_QuizUITests.framework in Frameworks */,
			);
			runOnlyForDeploymentPostprocessing = 0;
		};
/* End PBXFrameworksBuildPhase section */

/* Begin PBXGroup section */
		432A370424665D88FD25B083 /* Pods */ = {
			isa = PBXGroup;
			children = (
				DEB6F9B95E164C493615D191 /* Pods-JU Quiz.debug.xcconfig */,
				D4336395EB25D6EF5DCA6D6D /* Pods-JU Quiz.release.xcconfig */,
				745B2B6B234EAB4AA95B467D /* Pods-JU Quiz-JU QuizUITests.debug.xcconfig */,
				0E122163215F4D660851A756 /* Pods-JU Quiz-JU QuizUITests.release.xcconfig */,
				84EE6FD0109D66211A6EEA00 /* Pods-JU QuizTests.debug.xcconfig */,
				72DD89671904F7D04CA4472C /* Pods-JU QuizTests.release.xcconfig */,
			);
			name = Pods;
			path = Pods;
			sourceTree = "<group>";
		};
		5C5DBADC8EC898FAFD0399AD /* Frameworks */ = {
			isa = PBXGroup;
			children = (
				10DEBFA4B6B264C3A0DECBAE /* Pods_JU_Quiz.framework */,
				1336E48AE3D1FAF331895867 /* Pods_JU_Quiz_JU_QuizUITests.framework */,
				E883CFC4CC71D99EFB79E2AD /* Pods_JU_QuizTests.framework */,
			);
			name = Frameworks;
			sourceTree = "<group>";
		};
		6C21C56D2542C7DB00229AAF = {
			isa = PBXGroup;
			children = (
				6C21C5782542C7DB00229AAF /* JU Quiz */,
				6C21C5922542C7DD00229AAF /* JU QuizTests */,
				6C21C59D2542C7DE00229AAF /* JU QuizUITests */,
				6C21C5772542C7DB00229AAF /* Products */,
				432A370424665D88FD25B083 /* Pods */,
				5C5DBADC8EC898FAFD0399AD /* Frameworks */,
			);
			sourceTree = "<group>";
		};
		6C21C5772542C7DB00229AAF /* Products */ = {
			isa = PBXGroup;
			children = (
				6C21C5762542C7DB00229AAF /* JU Quiz.app */,
				6C21C58F2542C7DD00229AAF /* JU QuizTests.xctest */,
				6C21C59A2542C7DE00229AAF /* JU QuizUITests.xctest */,
			);
			name = Products;
			sourceTree = "<group>";
		};
		6C21C5782542C7DB00229AAF /* JU Quiz */ = {
			isa = PBXGroup;
			children = (
				6C54B1AA255E69D8005D3DE5 /* Game */,
				6C54B1A9255E6999005D3DE5 /* Data */,
				6C21C5792542C7DB00229AAF /* AppDelegate.swift */,
				6C21C57B2542C7DB00229AAF /* SceneDelegate.swift */,
				6C21C57F2542C7DB00229AAF /* Main.storyboard */,
				6C21C5852542C7DD00229AAF /* Assets.xcassets */,
				6C21C5872542C7DD00229AAF /* LaunchScreen.storyboard */,
				6C21C58A2542C7DD00229AAF /* Info.plist */,
				6C21C5822542C7DB00229AAF /* JU_Quiz.xcdatamodeld */,
				6C51E054254C1FDB007C873B /* StartViewController.swift */,
				6C14319D255560DF00C40556 /* HighscoreTableViewController.swift */,
				6C54B1AE255E6E4C005D3DE5 /* String+HtmlDecoding.swift */,
				6C54B1BD255E7ABC005D3DE5 /* ExampleScrollViewController.swift */,
				6C54B1C2255E82C6005D3DE5 /* TextScrollViewController.swift */,
				6C54B1DA255E9459005D3DE5 /* CameraViewController.swift */,
			);
			path = "JU Quiz";
			sourceTree = "<group>";
		};
		6C21C5922542C7DD00229AAF /* JU QuizTests */ = {
			isa = PBXGroup;
			children = (
				6C21C5932542C7DE00229AAF /* JU_QuizTests.swift */,
				6C54B1D2255E88BE005D3DE5 /* HtmlDecoderTests.swift */,
				6C21C5952542C7DE00229AAF /* Info.plist */,
			);
			path = "JU QuizTests";
			sourceTree = "<group>";
		};
		6C21C59D2542C7DE00229AAF /* JU QuizUITests */ = {
			isa = PBXGroup;
			children = (
				6C21C59E2542C7DE00229AAF /* JU_QuizUITests.swift */,
				6C21C5A02542C7DE00229AAF /* Info.plist */,
			);
			path = "JU QuizUITests";
			sourceTree = "<group>";
		};
		6C54B1A9255E6999005D3DE5 /* Data */ = {
			isa = PBXGroup;
			children = (
				6C14319625555C7400C40556 /* GameResult+CoreDataClass.swift */,
				6C14319725555C7400C40556 /* GameResult+CoreDataProperties.swift */,
				6C51E04F254C1D7A007C873B /* Question.swift */,
				6C1431912555525200C40556 /* QuestionsResult.swift */,
				6C54B1B3255E74DD005D3DE5 /* DatabaseManager.swift */,
				6C54B1B8255E76A4005D3DE5 /* GameResultDatabaseManager.swift */,
			);
			path = Data;
			sourceTree = "<group>";
		};
		6C54B1AA255E69D8005D3DE5 /* Game */ = {
			isa = PBXGroup;
			children = (
				6C21C5B82542DB5600229AAF /* QuestionViewController.swift */,
				6C51E031254C10A9007C873B /* ResultViewController.swift */,
				6C51E036254C1169007C873B /* ResultView.swift */,
			);
			path = Game;
			sourceTree = "<group>";
		};
/* End PBXGroup section */

/* Begin PBXNativeTarget section */
		6C21C5752542C7DB00229AAF /* JU Quiz */ = {
			isa = PBXNativeTarget;
			buildConfigurationList = 6C21C5A32542C7DE00229AAF /* Build configuration list for PBXNativeTarget "JU Quiz" */;
			buildPhases = (
				B2A3816E295E310D32A07CDD /* [CP] Check Pods Manifest.lock */,
				6C21C5722542C7DB00229AAF /* Sources */,
				6C21C5732542C7DB00229AAF /* Frameworks */,
				6C21C5742542C7DB00229AAF /* Resources */,
				18DB2CA6F231503948817FCB /* [CP] Embed Pods Frameworks */,
			);
			buildRules = (
			);
			dependencies = (
			);
			name = "JU Quiz";
			productName = "JU Quiz";
			productReference = 6C21C5762542C7DB00229AAF /* JU Quiz.app */;
			productType = "com.apple.product-type.application";
		};
		6C21C58E2542C7DD00229AAF /* JU QuizTests */ = {
			isa = PBXNativeTarget;
			buildConfigurationList = 6C21C5A62542C7DE00229AAF /* Build configuration list for PBXNativeTarget "JU QuizTests" */;
			buildPhases = (
				7D8B1704580AF0061B535B26 /* [CP] Check Pods Manifest.lock */,
				6C21C58B2542C7DD00229AAF /* Sources */,
				6C21C58C2542C7DD00229AAF /* Frameworks */,
				6C21C58D2542C7DD00229AAF /* Resources */,
				008FEBD1D3825D54B0C64935 /* [CP] Embed Pods Frameworks */,
			);
			buildRules = (
			);
			dependencies = (
				6C21C5912542C7DD00229AAF /* PBXTargetDependency */,
			);
			name = "JU QuizTests";
			productName = "JU QuizTests";
			productReference = 6C21C58F2542C7DD00229AAF /* JU QuizTests.xctest */;
			productType = "com.apple.product-type.bundle.unit-test";
		};
		6C21C5992542C7DE00229AAF /* JU QuizUITests */ = {
			isa = PBXNativeTarget;
			buildConfigurationList = 6C21C5A92542C7DE00229AAF /* Build configuration list for PBXNativeTarget "JU QuizUITests" */;
			buildPhases = (
				9159A4F53A748CEBA0D71D03 /* [CP] Check Pods Manifest.lock */,
				6C21C5962542C7DE00229AAF /* Sources */,
				6C21C5972542C7DE00229AAF /* Frameworks */,
				6C21C5982542C7DE00229AAF /* Resources */,
				14CA8E4A5A4D2DD1D3FFCBF8 /* [CP] Embed Pods Frameworks */,
			);
			buildRules = (
			);
			dependencies = (
				6C21C59C2542C7DE00229AAF /* PBXTargetDependency */,
			);
			name = "JU QuizUITests";
			productName = "JU QuizUITests";
			productReference = 6C21C59A2542C7DE00229AAF /* JU QuizUITests.xctest */;
			productType = "com.apple.product-type.bundle.ui-testing";
		};
/* End PBXNativeTarget section */

/* Begin PBXProject section */
		6C21C56E2542C7DB00229AAF /* Project object */ = {
			isa = PBXProject;
			attributes = {
				LastSwiftUpdateCheck = 1200;
				LastUpgradeCheck = 1200;
				TargetAttributes = {
					6C21C5752542C7DB00229AAF = {
						CreatedOnToolsVersion = 12.0.1;
					};
					6C21C58E2542C7DD00229AAF = {
						CreatedOnToolsVersion = 12.0.1;
						TestTargetID = 6C21C5752542C7DB00229AAF;
					};
					6C21C5992542C7DE00229AAF = {
						CreatedOnToolsVersion = 12.0.1;
						TestTargetID = 6C21C5752542C7DB00229AAF;
					};
				};
			};
			buildConfigurationList = 6C21C5712542C7DB00229AAF /* Build configuration list for PBXProject "JU Quiz" */;
			compatibilityVersion = "Xcode 9.3";
			developmentRegion = en;
			hasScannedForEncodings = 0;
			knownRegions = (
				en,
				Base,
			);
			mainGroup = 6C21C56D2542C7DB00229AAF;
			productRefGroup = 6C21C5772542C7DB00229AAF /* Products */;
			projectDirPath = "";
			projectRoot = "";
			targets = (
				6C21C5752542C7DB00229AAF /* JU Quiz */,
				6C21C58E2542C7DD00229AAF /* JU QuizTests */,
				6C21C5992542C7DE00229AAF /* JU QuizUITests */,
			);
		};
/* End PBXProject section */

/* Begin PBXResourcesBuildPhase section */
		6C21C5742542C7DB00229AAF /* Resources */ = {
			isa = PBXResourcesBuildPhase;
			buildActionMask = 2147483647;
			files = (
				6C21C5892542C7DD00229AAF /* LaunchScreen.storyboard in Resources */,
				6C21C5862542C7DD00229AAF /* Assets.xcassets in Resources */,
				6C21C5812542C7DB00229AAF /* Main.storyboard in Resources */,
			);
			runOnlyForDeploymentPostprocessing = 0;
		};
		6C21C58D2542C7DD00229AAF /* Resources */ = {
			isa = PBXResourcesBuildPhase;
			buildActionMask = 2147483647;
			files = (
			);
			runOnlyForDeploymentPostprocessing = 0;
		};
		6C21C5982542C7DE00229AAF /* Resources */ = {
			isa = PBXResourcesBuildPhase;
			buildActionMask = 2147483647;
			files = (
			);
			runOnlyForDeploymentPostprocessing = 0;
		};
/* End PBXResourcesBuildPhase section */

/* Begin PBXShellScriptBuildPhase section */
		008FEBD1D3825D54B0C64935 /* [CP] Embed Pods Frameworks */ = {
			isa = PBXShellScriptBuildPhase;
			buildActionMask = 2147483647;
			files = (
			);
			inputFileListPaths = (
				"${PODS_ROOT}/Target Support Files/Pods-JU QuizTests/Pods-JU QuizTests-frameworks-${CONFIGURATION}-input-files.xcfilelist",
			);
			name = "[CP] Embed Pods Frameworks";
			outputFileListPaths = (
				"${PODS_ROOT}/Target Support Files/Pods-JU QuizTests/Pods-JU QuizTests-frameworks-${CONFIGURATION}-output-files.xcfilelist",
			);
			runOnlyForDeploymentPostprocessing = 0;
			shellPath = /bin/sh;
			shellScript = "\"${PODS_ROOT}/Target Support Files/Pods-JU QuizTests/Pods-JU QuizTests-frameworks.sh\"\n";
			showEnvVarsInLog = 0;
		};
		14CA8E4A5A4D2DD1D3FFCBF8 /* [CP] Embed Pods Frameworks */ = {
			isa = PBXShellScriptBuildPhase;
			buildActionMask = 2147483647;
			files = (
			);
			inputFileListPaths = (
				"${PODS_ROOT}/Target Support Files/Pods-JU Quiz-JU QuizUITests/Pods-JU Quiz-JU QuizUITests-frameworks-${CONFIGURATION}-input-files.xcfilelist",
			);
			name = "[CP] Embed Pods Frameworks";
			outputFileListPaths = (
				"${PODS_ROOT}/Target Support Files/Pods-JU Quiz-JU QuizUITests/Pods-JU Quiz-JU QuizUITests-frameworks-${CONFIGURATION}-output-files.xcfilelist",
			);
			runOnlyForDeploymentPostprocessing = 0;
			shellPath = /bin/sh;
			shellScript = "\"${PODS_ROOT}/Target Support Files/Pods-JU Quiz-JU QuizUITests/Pods-JU Quiz-JU QuizUITests-frameworks.sh\"\n";
			showEnvVarsInLog = 0;
		};
		18DB2CA6F231503948817FCB /* [CP] Embed Pods Frameworks */ = {
			isa = PBXShellScriptBuildPhase;
			buildActionMask = 2147483647;
			files = (
			);
			inputFileListPaths = (
				"${PODS_ROOT}/Target Support Files/Pods-JU Quiz/Pods-JU Quiz-frameworks-${CONFIGURATION}-input-files.xcfilelist",
			);
			name = "[CP] Embed Pods Frameworks";
			outputFileListPaths = (
				"${PODS_ROOT}/Target Support Files/Pods-JU Quiz/Pods-JU Quiz-frameworks-${CONFIGURATION}-output-files.xcfilelist",
			);
			runOnlyForDeploymentPostprocessing = 0;
			shellPath = /bin/sh;
			shellScript = "\"${PODS_ROOT}/Target Support Files/Pods-JU Quiz/Pods-JU Quiz-frameworks.sh\"\n";
			showEnvVarsInLog = 0;
		};
		7D8B1704580AF0061B535B26 /* [CP] Check Pods Manifest.lock */ = {
			isa = PBXShellScriptBuildPhase;
			buildActionMask = 2147483647;
			files = (
			);
			inputFileListPaths = (
			);
			inputPaths = (
				"${PODS_PODFILE_DIR_PATH}/Podfile.lock",
				"${PODS_ROOT}/Manifest.lock",
			);
			name = "[CP] Check Pods Manifest.lock";
			outputFileListPaths = (
			);
			outputPaths = (
				"$(DERIVED_FILE_DIR)/Pods-JU QuizTests-checkManifestLockResult.txt",
			);
			runOnlyForDeploymentPostprocessing = 0;
			shellPath = /bin/sh;
			shellScript = "diff \"${PODS_PODFILE_DIR_PATH}/Podfile.lock\" \"${PODS_ROOT}/Manifest.lock\" > /dev/null\nif [ $? != 0 ] ; then\n    # print error to STDERR\n    echo \"error: The sandbox is not in sync with the Podfile.lock. Run 'pod install' or update your CocoaPods installation.\" >&2\n    exit 1\nfi\n# This output is used by Xcode 'outputs' to avoid re-running this script phase.\necho \"SUCCESS\" > \"${SCRIPT_OUTPUT_FILE_0}\"\n";
			showEnvVarsInLog = 0;
		};
		9159A4F53A748CEBA0D71D03 /* [CP] Check Pods Manifest.lock */ = {
			isa = PBXShellScriptBuildPhase;
			buildActionMask = 2147483647;
			files = (
			);
			inputFileListPaths = (
			);
			inputPaths = (
				"${PODS_PODFILE_DIR_PATH}/Podfile.lock",
				"${PODS_ROOT}/Manifest.lock",
			);
			name = "[CP] Check Pods Manifest.lock";
			outputFileListPaths = (
			);
			outputPaths = (
				"$(DERIVED_FILE_DIR)/Pods-JU Quiz-JU QuizUITests-checkManifestLockResult.txt",
			);
			runOnlyForDeploymentPostprocessing = 0;
			shellPath = /bin/sh;
			shellScript = "diff \"${PODS_PODFILE_DIR_PATH}/Podfile.lock\" \"${PODS_ROOT}/Manifest.lock\" > /dev/null\nif [ $? != 0 ] ; then\n    # print error to STDERR\n    echo \"error: The sandbox is not in sync with the Podfile.lock. Run 'pod install' or update your CocoaPods installation.\" >&2\n    exit 1\nfi\n# This output is used by Xcode 'outputs' to avoid re-running this script phase.\necho \"SUCCESS\" > \"${SCRIPT_OUTPUT_FILE_0}\"\n";
			showEnvVarsInLog = 0;
		};
		B2A3816E295E310D32A07CDD /* [CP] Check Pods Manifest.lock */ = {
			isa = PBXShellScriptBuildPhase;
			buildActionMask = 2147483647;
			files = (
			);
			inputFileListPaths = (
			);
			inputPaths = (
				"${PODS_PODFILE_DIR_PATH}/Podfile.lock",
				"${PODS_ROOT}/Manifest.lock",
			);
			name = "[CP] Check Pods Manifest.lock";
			outputFileListPaths = (
			);
			outputPaths = (
				"$(DERIVED_FILE_DIR)/Pods-JU Quiz-checkManifestLockResult.txt",
			);
			runOnlyForDeploymentPostprocessing = 0;
			shellPath = /bin/sh;
			shellScript = "diff \"${PODS_PODFILE_DIR_PATH}/Podfile.lock\" \"${PODS_ROOT}/Manifest.lock\" > /dev/null\nif [ $? != 0 ] ; then\n    # print error to STDERR\n    echo \"error: The sandbox is not in sync with the Podfile.lock. Run 'pod install' or update your CocoaPods installation.\" >&2\n    exit 1\nfi\n# This output is used by Xcode 'outputs' to avoid re-running this script phase.\necho \"SUCCESS\" > \"${SCRIPT_OUTPUT_FILE_0}\"\n";
			showEnvVarsInLog = 0;
		};
/* End PBXShellScriptBuildPhase section */

/* Begin PBXSourcesBuildPhase section */
		6C21C5722542C7DB00229AAF /* Sources */ = {
			isa = PBXSourcesBuildPhase;
			buildActionMask = 2147483647;
			files = (
				6C14319E255560DF00C40556 /* HighscoreTableViewController.swift in Sources */,
				6C51E032254C10A9007C873B /* ResultViewController.swift in Sources */,
				6C54B1BE255E7ABC005D3DE5 /* ExampleScrollViewController.swift in Sources */,
				6C51E055254C1FDB007C873B /* StartViewController.swift in Sources */,
				6C21C57A2542C7DB00229AAF /* AppDelegate.swift in Sources */,
				6C21C57C2542C7DB00229AAF /* SceneDelegate.swift in Sources */,
				6C21C5B92542DB5600229AAF /* QuestionViewController.swift in Sources */,
				6C54B1C3255E82C6005D3DE5 /* TextScrollViewController.swift in Sources */,
				6C54B1B4255E74DD005D3DE5 /* DatabaseManager.swift in Sources */,
				6C21C5842542C7DB00229AAF /* JU_Quiz.xcdatamodeld in Sources */,
				6C54B1AF255E6E4C005D3DE5 /* String+HtmlDecoding.swift in Sources */,
				6C14319825555C7400C40556 /* GameResult+CoreDataClass.swift in Sources */,
				6C54B1B9255E76A4005D3DE5 /* GameResultDatabaseManager.swift in Sources */,
				6C1431922555525200C40556 /* QuestionsResult.swift in Sources */,
				6C51E050254C1D7A007C873B /* Question.swift in Sources */,
				6C51E037254C1169007C873B /* ResultView.swift in Sources */,
				6C14319925555C7400C40556 /* GameResult+CoreDataProperties.swift in Sources */,
				6C54B1DB255E9459005D3DE5 /* CameraViewController.swift in Sources */,
			);
			runOnlyForDeploymentPostprocessing = 0;
		};
		6C21C58B2542C7DD00229AAF /* Sources */ = {
			isa = PBXSourcesBuildPhase;
			buildActionMask = 2147483647;
			files = (
				6C21C5942542C7DE00229AAF /* JU_QuizTests.swift in Sources */,
				6C54B1D3255E88BE005D3DE5 /* HtmlDecoderTests.swift in Sources */,
			);
			runOnlyForDeploymentPostprocessing = 0;
		};
		6C21C5962542C7DE00229AAF /* Sources */ = {
			isa = PBXSourcesBuildPhase;
			buildActionMask = 2147483647;
			files = (
				6C21C59F2542C7DE00229AAF /* JU_QuizUITests.swift in Sources */,
			);
			runOnlyForDeploymentPostprocessing = 0;
		};
/* End PBXSourcesBuildPhase section */

/* Begin PBXTargetDependency section */
		6C21C5912542C7DD00229AAF /* PBXTargetDependency */ = {
			isa = PBXTargetDependency;
			target = 6C21C5752542C7DB00229AAF /* JU Quiz */;
			targetProxy = 6C21C5902542C7DD00229AAF /* PBXContainerItemProxy */;
		};
		6C21C59C2542C7DE00229AAF /* PBXTargetDependency */ = {
			isa = PBXTargetDependency;
			target = 6C21C5752542C7DB00229AAF /* JU Quiz */;
			targetProxy = 6C21C59B2542C7DE00229AAF /* PBXContainerItemProxy */;
		};
/* End PBXTargetDependency section */

/* Begin PBXVariantGroup section */
		6C21C57F2542C7DB00229AAF /* Main.storyboard */ = {
			isa = PBXVariantGroup;
			children = (
				6C21C5802542C7DB00229AAF /* Base */,
			);
			name = Main.storyboard;
			sourceTree = "<group>";
		};
		6C21C5872542C7DD00229AAF /* LaunchScreen.storyboard */ = {
			isa = PBXVariantGroup;
			children = (
				6C21C5882542C7DD00229AAF /* Base */,
			);
			name = LaunchScreen.storyboard;
			sourceTree = "<group>";
		};
/* End PBXVariantGroup section */

/* Begin XCBuildConfiguration section */
		6C21C5A12542C7DE00229AAF /* Debug */ = {
			isa = XCBuildConfiguration;
			buildSettings = {
				ALWAYS_SEARCH_USER_PATHS = NO;
				CLANG_ANALYZER_NONNULL = YES;
				CLANG_ANALYZER_NUMBER_OBJECT_CONVERSION = YES_AGGRESSIVE;
				CLANG_CXX_LANGUAGE_STANDARD = "gnu++14";
				CLANG_CXX_LIBRARY = "libc++";
				CLANG_ENABLE_MODULES = YES;
				CLANG_ENABLE_OBJC_ARC = YES;
				CLANG_ENABLE_OBJC_WEAK = YES;
				CLANG_WARN_BLOCK_CAPTURE_AUTORELEASING = YES;
				CLANG_WARN_BOOL_CONVERSION = YES;
				CLANG_WARN_COMMA = YES;
				CLANG_WARN_CONSTANT_CONVERSION = YES;
				CLANG_WARN_DEPRECATED_OBJC_IMPLEMENTATIONS = YES;
				CLANG_WARN_DIRECT_OBJC_ISA_USAGE = YES_ERROR;
				CLANG_WARN_DOCUMENTATION_COMMENTS = YES;
				CLANG_WARN_EMPTY_BODY = YES;
				CLANG_WARN_ENUM_CONVERSION = YES;
				CLANG_WARN_INFINITE_RECURSION = YES;
				CLANG_WARN_INT_CONVERSION = YES;
				CLANG_WARN_NON_LITERAL_NULL_CONVERSION = YES;
				CLANG_WARN_OBJC_IMPLICIT_RETAIN_SELF = YES;
				CLANG_WARN_OBJC_LITERAL_CONVERSION = YES;
				CLANG_WARN_OBJC_ROOT_CLASS = YES_ERROR;
				CLANG_WARN_QUOTED_INCLUDE_IN_FRAMEWORK_HEADER = YES;
				CLANG_WARN_RANGE_LOOP_ANALYSIS = YES;
				CLANG_WARN_STRICT_PROTOTYPES = YES;
				CLANG_WARN_SUSPICIOUS_MOVE = YES;
				CLANG_WARN_UNGUARDED_AVAILABILITY = YES_AGGRESSIVE;
				CLANG_WARN_UNREACHABLE_CODE = YES;
				CLANG_WARN__DUPLICATE_METHOD_MATCH = YES;
				COPY_PHASE_STRIP = NO;
				DEBUG_INFORMATION_FORMAT = dwarf;
				ENABLE_STRICT_OBJC_MSGSEND = YES;
				ENABLE_TESTABILITY = YES;
				GCC_C_LANGUAGE_STANDARD = gnu11;
				GCC_DYNAMIC_NO_PIC = NO;
				GCC_NO_COMMON_BLOCKS = YES;
				GCC_OPTIMIZATION_LEVEL = 0;
				GCC_PREPROCESSOR_DEFINITIONS = (
					"DEBUG=1",
					"$(inherited)",
				);
				GCC_WARN_64_TO_32_BIT_CONVERSION = YES;
				GCC_WARN_ABOUT_RETURN_TYPE = YES_ERROR;
				GCC_WARN_UNDECLARED_SELECTOR = YES;
				GCC_WARN_UNINITIALIZED_AUTOS = YES_AGGRESSIVE;
				GCC_WARN_UNUSED_FUNCTION = YES;
				GCC_WARN_UNUSED_VARIABLE = YES;
				IPHONEOS_DEPLOYMENT_TARGET = 14.0;
				MTL_ENABLE_DEBUG_INFO = INCLUDE_SOURCE;
				MTL_FAST_MATH = YES;
				ONLY_ACTIVE_ARCH = YES;
				SDKROOT = iphoneos;
				SWIFT_ACTIVE_COMPILATION_CONDITIONS = DEBUG;
				SWIFT_OPTIMIZATION_LEVEL = "-Onone";
			};
			name = Debug;
		};
		6C21C5A22542C7DE00229AAF /* Release */ = {
			isa = XCBuildConfiguration;
			buildSettings = {
				ALWAYS_SEARCH_USER_PATHS = NO;
				CLANG_ANALYZER_NONNULL = YES;
				CLANG_ANALYZER_NUMBER_OBJECT_CONVERSION = YES_AGGRESSIVE;
				CLANG_CXX_LANGUAGE_STANDARD = "gnu++14";
				CLANG_CXX_LIBRARY = "libc++";
				CLANG_ENABLE_MODULES = YES;
				CLANG_ENABLE_OBJC_ARC = YES;
				CLANG_ENABLE_OBJC_WEAK = YES;
				CLANG_WARN_BLOCK_CAPTURE_AUTORELEASING = YES;
				CLANG_WARN_BOOL_CONVERSION = YES;
				CLANG_WARN_COMMA = YES;
				CLANG_WARN_CONSTANT_CONVERSION = YES;
				CLANG_WARN_DEPRECATED_OBJC_IMPLEMENTATIONS = YES;
				CLANG_WARN_DIRECT_OBJC_ISA_USAGE = YES_ERROR;
				CLANG_WARN_DOCUMENTATION_COMMENTS = YES;
				CLANG_WARN_EMPTY_BODY = YES;
				CLANG_WARN_ENUM_CONVERSION = YES;
				CLANG_WARN_INFINITE_RECURSION = YES;
				CLANG_WARN_INT_CONVERSION = YES;
				CLANG_WARN_NON_LITERAL_NULL_CONVERSION = YES;
				CLANG_WARN_OBJC_IMPLICIT_RETAIN_SELF = YES;
				CLANG_WARN_OBJC_LITERAL_CONVERSION = YES;
				CLANG_WARN_OBJC_ROOT_CLASS = YES_ERROR;
				CLANG_WARN_QUOTED_INCLUDE_IN_FRAMEWORK_HEADER = YES;
				CLANG_WARN_RANGE_LOOP_ANALYSIS = YES;
				CLANG_WARN_STRICT_PROTOTYPES = YES;
				CLANG_WARN_SUSPICIOUS_MOVE = YES;
				CLANG_WARN_UNGUARDED_AVAILABILITY = YES_AGGRESSIVE;
				CLANG_WARN_UNREACHABLE_CODE = YES;
				CLANG_WARN__DUPLICATE_METHOD_MATCH = YES;
				COPY_PHASE_STRIP = NO;
				DEBUG_INFORMATION_FORMAT = "dwarf-with-dsym";
				ENABLE_NS_ASSERTIONS = NO;
				ENABLE_STRICT_OBJC_MSGSEND = YES;
				GCC_C_LANGUAGE_STANDARD = gnu11;
				GCC_NO_COMMON_BLOCKS = YES;
				GCC_WARN_64_TO_32_BIT_CONVERSION = YES;
				GCC_WARN_ABOUT_RETURN_TYPE = YES_ERROR;
				GCC_WARN_UNDECLARED_SELECTOR = YES;
				GCC_WARN_UNINITIALIZED_AUTOS = YES_AGGRESSIVE;
				GCC_WARN_UNUSED_FUNCTION = YES;
				GCC_WARN_UNUSED_VARIABLE = YES;
				IPHONEOS_DEPLOYMENT_TARGET = 14.0;
				MTL_ENABLE_DEBUG_INFO = NO;
				MTL_FAST_MATH = YES;
				SDKROOT = iphoneos;
				SWIFT_COMPILATION_MODE = wholemodule;
				SWIFT_OPTIMIZATION_LEVEL = "-O";
				VALIDATE_PRODUCT = YES;
			};
			name = Release;
		};
		6C21C5A42542C7DE00229AAF /* Debug */ = {
			isa = XCBuildConfiguration;
			baseConfigurationReference = DEB6F9B95E164C493615D191 /* Pods-JU Quiz.debug.xcconfig */;
			buildSettings = {
				ASSETCATALOG_COMPILER_APPICON_NAME = AppIcon;
				ASSETCATALOG_COMPILER_GLOBAL_ACCENT_COLOR_NAME = AccentColor;
				CODE_SIGN_STYLE = Automatic;
				DEVELOPMENT_TEAM = M6PQVVCJ48;
				INFOPLIST_FILE = "JU Quiz/Info.plist";
				IPHONEOS_DEPLOYMENT_TARGET = 13.0;
				LD_RUNPATH_SEARCH_PATHS = (
					"$(inherited)",
					"@executable_path/Frameworks",
				);
				PRODUCT_BUNDLE_IDENTIFIER = "io.garrit.demo.JU-Quiz";
				PRODUCT_NAME = "$(TARGET_NAME)";
				SWIFT_VERSION = 5.0;
				TARGETED_DEVICE_FAMILY = 1;
			};
			name = Debug;
		};
		6C21C5A52542C7DE00229AAF /* Release */ = {
			isa = XCBuildConfiguration;
			baseConfigurationReference = D4336395EB25D6EF5DCA6D6D /* Pods-JU Quiz.release.xcconfig */;
			buildSettings = {
				ASSETCATALOG_COMPILER_APPICON_NAME = AppIcon;
				ASSETCATALOG_COMPILER_GLOBAL_ACCENT_COLOR_NAME = AccentColor;
				CODE_SIGN_STYLE = Automatic;
				DEVELOPMENT_TEAM = M6PQVVCJ48;
				INFOPLIST_FILE = "JU Quiz/Info.plist";
				IPHONEOS_DEPLOYMENT_TARGET = 13.0;
				LD_RUNPATH_SEARCH_PATHS = (
					"$(inherited)",
					"@executable_path/Frameworks",
				);
				PRODUCT_BUNDLE_IDENTIFIER = "io.garrit.demo.JU-Quiz";
				PRODUCT_NAME = "$(TARGET_NAME)";
				SWIFT_VERSION = 5.0;
				TARGETED_DEVICE_FAMILY = 1;
			};
			name = Release;
		};
		6C21C5A72542C7DE00229AAF /* Debug */ = {
			isa = XCBuildConfiguration;
			baseConfigurationReference = 84EE6FD0109D66211A6EEA00 /* Pods-JU QuizTests.debug.xcconfig */;
			buildSettings = {
				ALWAYS_EMBED_SWIFT_STANDARD_LIBRARIES = YES;
				BUNDLE_LOADER = "$(TEST_HOST)";
				CODE_SIGN_STYLE = Automatic;
				DEVELOPMENT_TEAM = M6PQVVCJ48;
				INFOPLIST_FILE = "JU QuizTests/Info.plist";
				IPHONEOS_DEPLOYMENT_TARGET = 14.0;
				LD_RUNPATH_SEARCH_PATHS = (
					"$(inherited)",
					"@executable_path/Frameworks",
					"@loader_path/Frameworks",
				);
				PRODUCT_BUNDLE_IDENTIFIER = "io.garrit.demo.JU-QuizTests";
				PRODUCT_NAME = "$(TARGET_NAME)";
				SWIFT_VERSION = 5.0;
				TARGETED_DEVICE_FAMILY = "1,2";
				TEST_HOST = "$(BUILT_PRODUCTS_DIR)/JU Quiz.app/JU Quiz";
			};
			name = Debug;
		};
		6C21C5A82542C7DE00229AAF /* Release */ = {
			isa = XCBuildConfiguration;
			baseConfigurationReference = 72DD89671904F7D04CA4472C /* Pods-JU QuizTests.release.xcconfig */;
			buildSettings = {
				ALWAYS_EMBED_SWIFT_STANDARD_LIBRARIES = YES;
				BUNDLE_LOADER = "$(TEST_HOST)";
				CODE_SIGN_STYLE = Automatic;
				DEVELOPMENT_TEAM = M6PQVVCJ48;
				INFOPLIST_FILE = "JU QuizTests/Info.plist";
				IPHONEOS_DEPLOYMENT_TARGET = 14.0;
				LD_RUNPATH_SEARCH_PATHS = (
					"$(inherited)",
					"@executable_path/Frameworks",
					"@loader_path/Frameworks",
				);
				PRODUCT_BUNDLE_IDENTIFIER = "io.garrit.demo.JU-QuizTests";
				PRODUCT_NAME = "$(TARGET_NAME)";
				SWIFT_VERSION = 5.0;
				TARGETED_DEVICE_FAMILY = "1,2";
				TEST_HOST = "$(BUILT_PRODUCTS_DIR)/JU Quiz.app/JU Quiz";
			};
			name = Release;
		};
		6C21C5AA2542C7DE00229AAF /* Debug */ = {
			isa = XCBuildConfiguration;
			baseConfigurationReference = 745B2B6B234EAB4AA95B467D /* Pods-JU Quiz-JU QuizUITests.debug.xcconfig */;
			buildSettings = {
				ALWAYS_EMBED_SWIFT_STANDARD_LIBRARIES = YES;
				CODE_SIGN_STYLE = Automatic;
				DEVELOPMENT_TEAM = M6PQVVCJ48;
				INFOPLIST_FILE = "JU QuizUITests/Info.plist";
				LD_RUNPATH_SEARCH_PATHS = (
					"$(inherited)",
					"@executable_path/Frameworks",
					"@loader_path/Frameworks",
				);
				PRODUCT_BUNDLE_IDENTIFIER = "io.garrit.demo.JU-QuizUITests";
				PRODUCT_NAME = "$(TARGET_NAME)";
				SWIFT_VERSION = 5.0;
				TARGETED_DEVICE_FAMILY = "1,2";
				TEST_TARGET_NAME = "JU Quiz";
			};
			name = Debug;
		};
		6C21C5AB2542C7DE00229AAF /* Release */ = {
			isa = XCBuildConfiguration;
			baseConfigurationReference = 0E122163215F4D660851A756 /* Pods-JU Quiz-JU QuizUITests.release.xcconfig */;
			buildSettings = {
				ALWAYS_EMBED_SWIFT_STANDARD_LIBRARIES = YES;
				CODE_SIGN_STYLE = Automatic;
				DEVELOPMENT_TEAM = M6PQVVCJ48;
				INFOPLIST_FILE = "JU QuizUITests/Info.plist";
				LD_RUNPATH_SEARCH_PATHS = (
					"$(inherited)",
					"@executable_path/Frameworks",
					"@loader_path/Frameworks",
				);
				PRODUCT_BUNDLE_IDENTIFIER = "io.garrit.demo.JU-QuizUITests";
				PRODUCT_NAME = "$(TARGET_NAME)";
				SWIFT_VERSION = 5.0;
				TARGETED_DEVICE_FAMILY = "1,2";
				TEST_TARGET_NAME = "JU Quiz";
			};
			name = Release;
		};
/* End XCBuildConfiguration section */

/* Begin XCConfigurationList section */
		6C21C5712542C7DB00229AAF /* Build configuration list for PBXProject "JU Quiz" */ = {
			isa = XCConfigurationList;
			buildConfigurations = (
				6C21C5A12542C7DE00229AAF /* Debug */,
				6C21C5A22542C7DE00229AAF /* Release */,
			);
			defaultConfigurationIsVisible = 0;
			defaultConfigurationName = Release;
		};
		6C21C5A32542C7DE00229AAF /* Build configuration list for PBXNativeTarget "JU Quiz" */ = {
			isa = XCConfigurationList;
			buildConfigurations = (
				6C21C5A42542C7DE00229AAF /* Debug */,
				6C21C5A52542C7DE00229AAF /* Release */,
			);
			defaultConfigurationIsVisible = 0;
			defaultConfigurationName = Release;
		};
		6C21C5A62542C7DE00229AAF /* Build configuration list for PBXNativeTarget "JU QuizTests" */ = {
			isa = XCConfigurationList;
			buildConfigurations = (
				6C21C5A72542C7DE00229AAF /* Debug */,
				6C21C5A82542C7DE00229AAF /* Release */,
			);
			defaultConfigurationIsVisible = 0;
			defaultConfigurationName = Release;
		};
		6C21C5A92542C7DE00229AAF /* Build configuration list for PBXNativeTarget "JU QuizUITests" */ = {
			isa = XCConfigurationList;
			buildConfigurations = (
				6C21C5AA2542C7DE00229AAF /* Debug */,
				6C21C5AB2542C7DE00229AAF /* Release */,
			);
			defaultConfigurationIsVisible = 0;
			defaultConfigurationName = Release;
		};
/* End XCConfigurationList section */

/* Begin XCVersionGroup section */
		6C21C5822542C7DB00229AAF /* JU_Quiz.xcdatamodeld */ = {
			isa = XCVersionGroup;
			children = (
				6C21C5832542C7DB00229AAF /* JU_Quiz.xcdatamodel */,
			);
			currentVersion = 6C21C5832542C7DB00229AAF /* JU_Quiz.xcdatamodel */;
			path = JU_Quiz.xcdatamodeld;
			sourceTree = "<group>";
			versionGroupType = wrapper.xcdatamodel;
		};
/* End XCVersionGroup section */
	};
	rootObject = 6C21C56E2542C7DB00229AAF /* Project object */;
}
